// !$*UTF8*$!
{
	archiveVersion = 1;
	classes = {
	};
	objectVersion = 46;
	objects = {

/* Begin PBXBuildFile section */
		D63B910917CBB3D700576B55 /* FacebookSDK.framework in Frameworks */ = {isa = PBXBuildFile; fileRef = D602C19F17CBB20100FAEE9B /* FacebookSDK.framework */; };
		D63B910C17CBB3F600576B55 /* LoginViewController.m in Sources */ = {isa = PBXBuildFile; fileRef = D63B910B17CBB3F600576B55 /* LoginViewController.m */; };
		D63B910F17CBD7D400576B55 /* APIClient.m in Sources */ = {isa = PBXBuildFile; fileRef = D63B910E17CBD7D400576B55 /* APIClient.m */; };
		D63B911217CBDA3700576B55 /* MBProgressHUD.m in Sources */ = {isa = PBXBuildFile; fileRef = D63B911117CBDA3700576B55 /* MBProgressHUD.m */; };
		D63B911517CBED8A00576B55 /* UserManager.m in Sources */ = {isa = PBXBuildFile; fileRef = D63B911417CBED8A00576B55 /* UserManager.m */; };
		D643625717D7A55500085701 /* ChallengesViewController.m in Sources */ = {isa = PBXBuildFile; fileRef = D643625617D7A55500085701 /* ChallengesViewController.m */; };
		D643627817D7ABBF00085701 /* pingpong-paddle.png in Resources */ = {isa = PBXBuildFile; fileRef = D643627617D7ABBF00085701 /* pingpong-paddle.png */; };
		D643627917D7ABBF00085701 /* pingpong-paddle@2x.png in Resources */ = {isa = PBXBuildFile; fileRef = D643627717D7ABBF00085701 /* pingpong-paddle@2x.png */; };
		D643628017D7AD2B00085701 /* trophy_icon.png in Resources */ = {isa = PBXBuildFile; fileRef = D643627E17D7AD2B00085701 /* trophy_icon.png */; };
		D643628117D7AD2B00085701 /* trophy_icon@2x.png in Resources */ = {isa = PBXBuildFile; fileRef = D643627F17D7AD2B00085701 /* trophy_icon@2x.png */; };
		D643628C17D7AE1000085701 /* pie_chart.png in Resources */ = {isa = PBXBuildFile; fileRef = D643628A17D7AE1000085701 /* pie_chart.png */; };
		D643628D17D7AE1000085701 /* pie_chart@2x.png in Resources */ = {isa = PBXBuildFile; fileRef = D643628B17D7AE1000085701 /* pie_chart@2x.png */; };
		D65151EC17CCE30A00378A25 /* Base64.m in Sources */ = {isa = PBXBuildFile; fileRef = D65151EB17CCE30A00378A25 /* Base64.m */; };
		D65151EF17CCE6E600378A25 /* Constants.m in Sources */ = {isa = PBXBuildFile; fileRef = D65151EE17CCE6E600378A25 /* Constants.m */; };
		D65151F217CCF07700378A25 /* NSString+NSString_Extended.m in Sources */ = {isa = PBXBuildFile; fileRef = D65151F117CCF07700378A25 /* NSString+NSString_Extended.m */; };
		D65151F517CD022500378A25 /* BaseUIViewController.m in Sources */ = {isa = PBXBuildFile; fileRef = D65151F417CD022500378A25 /* BaseUIViewController.m */; };
		D65151F817CD043F00378A25 /* MainViewController.m in Sources */ = {isa = PBXBuildFile; fileRef = D65151F717CD043F00378A25 /* MainViewController.m */; };
		D65151FB17CD3CB200378A25 /* default-avatar@2x.png in Resources */ = {isa = PBXBuildFile; fileRef = D65151FA17CD3CB200378A25 /* default-avatar@2x.png */; };
		D651520417CD3DEC00378A25 /* User.m in Sources */ = {isa = PBXBuildFile; fileRef = D651520317CD3DEC00378A25 /* User.m */; };
		D651520717CD3E5D00378A25 /* Standing.m in Sources */ = {isa = PBXBuildFile; fileRef = D651520617CD3E5D00378A25 /* Standing.m */; };
		D651520A17CD3F0A00378A25 /* StandingCell.m in Sources */ = {isa = PBXBuildFile; fileRef = D651520917CD3F0A00378A25 /* StandingCell.m */; };
		D651521317CE2E9E00378A25 /* green_arrow_up.png in Resources */ = {isa = PBXBuildFile; fileRef = D651521117CE2E9E00378A25 /* green_arrow_up.png */; };
		D651521617CE2EDB00378A25 /* red_arrow_down.png in Resources */ = {isa = PBXBuildFile; fileRef = D651521517CE2EDB00378A25 /* red_arrow_down.png */; };
		D651521C17CE4E8500378A25 /* UserProfileViewController.m in Sources */ = {isa = PBXBuildFile; fileRef = D651521B17CE4E8500378A25 /* UserProfileViewController.m */; };
		D651521F17CE58A700378A25 /* UserStatistics.m in Sources */ = {isa = PBXBuildFile; fileRef = D651521E17CE58A700378A25 /* UserStatistics.m */; };
		D651522417CE9AD800378A25 /* QuartzCore.framework in Frameworks */ = {isa = PBXBuildFile; fileRef = D651522317CE9AD800378A25 /* QuartzCore.framework */; };
		D6633FE517DA1C93007B33AF /* ChallengeCell.m in Sources */ = {isa = PBXBuildFile; fileRef = D6633FE417DA1C93007B33AF /* ChallengeCell.m */; };
		D6633FE817DA1CCF007B33AF /* Challenge.m in Sources */ = {isa = PBXBuildFile; fileRef = D6633FE717DA1CCF007B33AF /* Challenge.m */; };
		D6633FEF17DA1D32007B33AF /* BaseModel.m in Sources */ = {isa = PBXBuildFile; fileRef = D6633FEE17DA1D32007B33AF /* BaseModel.m */; };
		D6F63A1817CBAA9A0090ECDF /* UIKit.framework in Frameworks */ = {isa = PBXBuildFile; fileRef = D6F63A1717CBAA9A0090ECDF /* UIKit.framework */; };
		D6F63A1A17CBAA9A0090ECDF /* Foundation.framework in Frameworks */ = {isa = PBXBuildFile; fileRef = D6F63A1917CBAA9A0090ECDF /* Foundation.framework */; };
		D6F63A1C17CBAA9A0090ECDF /* CoreGraphics.framework in Frameworks */ = {isa = PBXBuildFile; fileRef = D6F63A1B17CBAA9A0090ECDF /* CoreGraphics.framework */; };
		D6F63A2217CBAA9A0090ECDF /* InfoPlist.strings in Resources */ = {isa = PBXBuildFile; fileRef = D6F63A2017CBAA9A0090ECDF /* InfoPlist.strings */; };
		D6F63A2417CBAA9A0090ECDF /* main.m in Sources */ = {isa = PBXBuildFile; fileRef = D6F63A2317CBAA9A0090ECDF /* main.m */; };
		D6F63A2817CBAA9A0090ECDF /* AppDelegate.m in Sources */ = {isa = PBXBuildFile; fileRef = D6F63A2717CBAA9A0090ECDF /* AppDelegate.m */; };
		D6F63A2A17CBAA9A0090ECDF /* Default.png in Resources */ = {isa = PBXBuildFile; fileRef = D6F63A2917CBAA9A0090ECDF /* Default.png */; };
		D6F63A2C17CBAA9A0090ECDF /* Default@2x.png in Resources */ = {isa = PBXBuildFile; fileRef = D6F63A2B17CBAA9A0090ECDF /* Default@2x.png */; };
		D6F63A2E17CBAA9A0090ECDF /* Default-568h@2x.png in Resources */ = {isa = PBXBuildFile; fileRef = D6F63A2D17CBAA9A0090ECDF /* Default-568h@2x.png */; };
		D6F63A3117CBAA9A0090ECDF /* MainStoryboard_iPhone.storyboard in Resources */ = {isa = PBXBuildFile; fileRef = D6F63A2F17CBAA9A0090ECDF /* MainStoryboard_iPhone.storyboard */; };
		D6F63A3417CBAA9A0090ECDF /* MainStoryboard_iPad.storyboard in Resources */ = {isa = PBXBuildFile; fileRef = D6F63A3217CBAA9A0090ECDF /* MainStoryboard_iPad.storyboard */; };
		D6F63A5117CBAB5E0090ECDF /* AFHTTPClient.m in Sources */ = {isa = PBXBuildFile; fileRef = D6F63A3F17CBAB5E0090ECDF /* AFHTTPClient.m */; };
		D6F63A5217CBAB5E0090ECDF /* AFHTTPRequestOperation.m in Sources */ = {isa = PBXBuildFile; fileRef = D6F63A4117CBAB5E0090ECDF /* AFHTTPRequestOperation.m */; };
		D6F63A5317CBAB5E0090ECDF /* AFImageRequestOperation.m in Sources */ = {isa = PBXBuildFile; fileRef = D6F63A4317CBAB5E0090ECDF /* AFImageRequestOperation.m */; };
		D6F63A5417CBAB5E0090ECDF /* AFJSONRequestOperation.m in Sources */ = {isa = PBXBuildFile; fileRef = D6F63A4517CBAB5E0090ECDF /* AFJSONRequestOperation.m */; };
		D6F63A5517CBAB5E0090ECDF /* AFNetworkActivityIndicatorManager.m in Sources */ = {isa = PBXBuildFile; fileRef = D6F63A4717CBAB5E0090ECDF /* AFNetworkActivityIndicatorManager.m */; };
		D6F63A5617CBAB5E0090ECDF /* AFPropertyListRequestOperation.m in Sources */ = {isa = PBXBuildFile; fileRef = D6F63A4A17CBAB5E0090ECDF /* AFPropertyListRequestOperation.m */; };
		D6F63A5717CBAB5E0090ECDF /* AFURLConnectionOperation.m in Sources */ = {isa = PBXBuildFile; fileRef = D6F63A4C17CBAB5E0090ECDF /* AFURLConnectionOperation.m */; };
		D6F63A5817CBAB5E0090ECDF /* AFXMLRequestOperation.m in Sources */ = {isa = PBXBuildFile; fileRef = D6F63A4E17CBAB5E0090ECDF /* AFXMLRequestOperation.m */; };
		D6F63A5917CBAB5E0090ECDF /* UIImageView+AFNetworking.m in Sources */ = {isa = PBXBuildFile; fileRef = D6F63A5017CBAB5E0090ECDF /* UIImageView+AFNetworking.m */; };
/* End PBXBuildFile section */

/* Begin PBXFileReference section */
		D602C19F17CBB20100FAEE9B /* FacebookSDK.framework */ = {isa = PBXFileReference; lastKnownFileType = wrapper.framework; name = FacebookSDK.framework; path = ../../../Documents/FacebookSDK/FacebookSDK.framework; sourceTree = "<group>"; };
		D63B910717CBB3B200576B55 /* FacebookSDK */ = {isa = PBXFileReference; lastKnownFileType = archive.ar; name = FacebookSDK; path = ../../../Documents/FacebookSDK/FacebookSDK.framework/Versions/A/FacebookSDK; sourceTree = "<group>"; };
		D63B910A17CBB3F600576B55 /* LoginViewController.h */ = {isa = PBXFileReference; fileEncoding = 4; lastKnownFileType = sourcecode.c.h; path = LoginViewController.h; sourceTree = "<group>"; };
		D63B910B17CBB3F600576B55 /* LoginViewController.m */ = {isa = PBXFileReference; fileEncoding = 4; lastKnownFileType = sourcecode.c.objc; path = LoginViewController.m; sourceTree = "<group>"; };
		D63B910D17CBD7D400576B55 /* APIClient.h */ = {isa = PBXFileReference; fileEncoding = 4; lastKnownFileType = sourcecode.c.h; path = APIClient.h; sourceTree = "<group>"; };
		D63B910E17CBD7D400576B55 /* APIClient.m */ = {isa = PBXFileReference; fileEncoding = 4; lastKnownFileType = sourcecode.c.objc; path = APIClient.m; sourceTree = "<group>"; };
		D63B911017CBDA3700576B55 /* MBProgressHUD.h */ = {isa = PBXFileReference; fileEncoding = 4; lastKnownFileType = sourcecode.c.h; path = MBProgressHUD.h; sourceTree = "<group>"; };
		D63B911117CBDA3700576B55 /* MBProgressHUD.m */ = {isa = PBXFileReference; fileEncoding = 4; lastKnownFileType = sourcecode.c.objc; path = MBProgressHUD.m; sourceTree = "<group>"; };
		D63B911317CBED8A00576B55 /* UserManager.h */ = {isa = PBXFileReference; fileEncoding = 4; lastKnownFileType = sourcecode.c.h; path = UserManager.h; sourceTree = "<group>"; };
		D63B911417CBED8A00576B55 /* UserManager.m */ = {isa = PBXFileReference; fileEncoding = 4; lastKnownFileType = sourcecode.c.objc; path = UserManager.m; sourceTree = "<group>"; };
		D643625517D7A55500085701 /* ChallengesViewController.h */ = {isa = PBXFileReference; fileEncoding = 4; lastKnownFileType = sourcecode.c.h; path = ChallengesViewController.h; sourceTree = "<group>"; };
		D643625617D7A55500085701 /* ChallengesViewController.m */ = {isa = PBXFileReference; fileEncoding = 4; lastKnownFileType = sourcecode.c.objc; path = ChallengesViewController.m; sourceTree = "<group>"; };
		D643627617D7ABBF00085701 /* pingpong-paddle.png */ = {isa = PBXFileReference; lastKnownFileType = image.png; path = "pingpong-paddle.png"; sourceTree = "<group>"; };
		D643627717D7ABBF00085701 /* pingpong-paddle@2x.png */ = {isa = PBXFileReference; lastKnownFileType = image.png; path = "pingpong-paddle@2x.png"; sourceTree = "<group>"; };
		D643627E17D7AD2B00085701 /* trophy_icon.png */ = {isa = PBXFileReference; lastKnownFileType = image.png; path = trophy_icon.png; sourceTree = "<group>"; };
		D643627F17D7AD2B00085701 /* trophy_icon@2x.png */ = {isa = PBXFileReference; lastKnownFileType = image.png; path = "trophy_icon@2x.png"; sourceTree = "<group>"; };
		D643628A17D7AE1000085701 /* pie_chart.png */ = {isa = PBXFileReference; lastKnownFileType = image.png; path = pie_chart.png; sourceTree = "<group>"; };
		D643628B17D7AE1000085701 /* pie_chart@2x.png */ = {isa = PBXFileReference; lastKnownFileType = image.png; path = "pie_chart@2x.png"; sourceTree = "<group>"; };
		D65151E817CBFA4000378A25 /* Callback.h */ = {isa = PBXFileReference; fileEncoding = 4; lastKnownFileType = sourcecode.c.h; path = Callback.h; sourceTree = "<group>"; };
		D65151EA17CCE30A00378A25 /* Base64.h */ = {isa = PBXFileReference; fileEncoding = 4; lastKnownFileType = sourcecode.c.h; path = Base64.h; sourceTree = "<group>"; };
		D65151EB17CCE30A00378A25 /* Base64.m */ = {isa = PBXFileReference; fileEncoding = 4; lastKnownFileType = sourcecode.c.objc; path = Base64.m; sourceTree = "<group>"; };
		D65151ED17CCE6E600378A25 /* Constants.h */ = {isa = PBXFileReference; fileEncoding = 4; lastKnownFileType = sourcecode.c.h; path = Constants.h; sourceTree = "<group>"; };
		D65151EE17CCE6E600378A25 /* Constants.m */ = {isa = PBXFileReference; fileEncoding = 4; lastKnownFileType = sourcecode.c.objc; path = Constants.m; sourceTree = "<group>"; };
		D65151F017CCF07600378A25 /* NSString+NSString_Extended.h */ = {isa = PBXFileReference; fileEncoding = 4; lastKnownFileType = sourcecode.c.h; path = "NSString+NSString_Extended.h"; sourceTree = "<group>"; };
		D65151F117CCF07700378A25 /* NSString+NSString_Extended.m */ = {isa = PBXFileReference; fileEncoding = 4; lastKnownFileType = sourcecode.c.objc; path = "NSString+NSString_Extended.m"; sourceTree = "<group>"; };
		D65151F317CD022500378A25 /* BaseUIViewController.h */ = {isa = PBXFileReference; fileEncoding = 4; lastKnownFileType = sourcecode.c.h; path = BaseUIViewController.h; sourceTree = "<group>"; };
		D65151F417CD022500378A25 /* BaseUIViewController.m */ = {isa = PBXFileReference; fileEncoding = 4; lastKnownFileType = sourcecode.c.objc; path = BaseUIViewController.m; sourceTree = "<group>"; };
		D65151F617CD043F00378A25 /* MainViewController.h */ = {isa = PBXFileReference; fileEncoding = 4; lastKnownFileType = sourcecode.c.h; path = MainViewController.h; sourceTree = "<group>"; };
		D65151F717CD043F00378A25 /* MainViewController.m */ = {isa = PBXFileReference; fileEncoding = 4; lastKnownFileType = sourcecode.c.objc; path = MainViewController.m; sourceTree = "<group>"; };
		D65151FA17CD3CB200378A25 /* default-avatar@2x.png */ = {isa = PBXFileReference; lastKnownFileType = image.png; path = "default-avatar@2x.png"; sourceTree = "<group>"; };
		D651520217CD3DEC00378A25 /* User.h */ = {isa = PBXFileReference; fileEncoding = 4; lastKnownFileType = sourcecode.c.h; path = User.h; sourceTree = "<group>"; };
		D651520317CD3DEC00378A25 /* User.m */ = {isa = PBXFileReference; fileEncoding = 4; lastKnownFileType = sourcecode.c.objc; path = User.m; sourceTree = "<group>"; };
		D651520517CD3E5D00378A25 /* Standing.h */ = {isa = PBXFileReference; fileEncoding = 4; lastKnownFileType = sourcecode.c.h; path = Standing.h; sourceTree = "<group>"; };
		D651520617CD3E5D00378A25 /* Standing.m */ = {isa = PBXFileReference; fileEncoding = 4; lastKnownFileType = sourcecode.c.objc; path = Standing.m; sourceTree = "<group>"; };
		D651520817CD3F0A00378A25 /* StandingCell.h */ = {isa = PBXFileReference; fileEncoding = 4; lastKnownFileType = sourcecode.c.h; path = StandingCell.h; sourceTree = "<group>"; };
		D651520917CD3F0A00378A25 /* StandingCell.m */ = {isa = PBXFileReference; fileEncoding = 4; lastKnownFileType = sourcecode.c.objc; path = StandingCell.m; sourceTree = "<group>"; };
		D651521117CE2E9E00378A25 /* green_arrow_up.png */ = {isa = PBXFileReference; lastKnownFileType = image.png; path = green_arrow_up.png; sourceTree = "<group>"; };
		D651521517CE2EDB00378A25 /* red_arrow_down.png */ = {isa = PBXFileReference; lastKnownFileType = image.png; path = red_arrow_down.png; sourceTree = "<group>"; };
		D651521A17CE4E8500378A25 /* UserProfileViewController.h */ = {isa = PBXFileReference; fileEncoding = 4; lastKnownFileType = sourcecode.c.h; path = UserProfileViewController.h; sourceTree = "<group>"; };
		D651521B17CE4E8500378A25 /* UserProfileViewController.m */ = {isa = PBXFileReference; fileEncoding = 4; lastKnownFileType = sourcecode.c.objc; path = UserProfileViewController.m; sourceTree = "<group>"; };
		D651521D17CE58A700378A25 /* UserStatistics.h */ = {isa = PBXFileReference; fileEncoding = 4; lastKnownFileType = sourcecode.c.h; path = UserStatistics.h; sourceTree = "<group>"; };
		D651521E17CE58A700378A25 /* UserStatistics.m */ = {isa = PBXFileReference; fileEncoding = 4; lastKnownFileType = sourcecode.c.objc; path = UserStatistics.m; sourceTree = "<group>"; };
		D651522317CE9AD800378A25 /* QuartzCore.framework */ = {isa = PBXFileReference; lastKnownFileType = wrapper.framework; name = QuartzCore.framework; path = System/Library/Frameworks/QuartzCore.framework; sourceTree = SDKROOT; };
		D6633FE317DA1C93007B33AF /* ChallengeCell.h */ = {isa = PBXFileReference; fileEncoding = 4; lastKnownFileType = sourcecode.c.h; path = ChallengeCell.h; sourceTree = "<group>"; };
		D6633FE417DA1C93007B33AF /* ChallengeCell.m */ = {isa = PBXFileReference; fileEncoding = 4; lastKnownFileType = sourcecode.c.objc; path = ChallengeCell.m; sourceTree = "<group>"; };
		D6633FE617DA1CCF007B33AF /* Challenge.h */ = {isa = PBXFileReference; fileEncoding = 4; lastKnownFileType = sourcecode.c.h; path = Challenge.h; sourceTree = "<group>"; };
		D6633FE717DA1CCF007B33AF /* Challenge.m */ = {isa = PBXFileReference; fileEncoding = 4; lastKnownFileType = sourcecode.c.objc; path = Challenge.m; sourceTree = "<group>"; };
		D6633FED17DA1D32007B33AF /* BaseModel.h */ = {isa = PBXFileReference; fileEncoding = 4; lastKnownFileType = sourcecode.c.h; path = BaseModel.h; sourceTree = "<group>"; };
		D6633FEE17DA1D32007B33AF /* BaseModel.m */ = {isa = PBXFileReference; fileEncoding = 4; lastKnownFileType = sourcecode.c.objc; path = BaseModel.m; sourceTree = "<group>"; };
		D6F63A1417CBAA9A0090ECDF /* TheLeague.app */ = {isa = PBXFileReference; explicitFileType = wrapper.application; includeInIndex = 0; path = TheLeague.app; sourceTree = BUILT_PRODUCTS_DIR; };
		D6F63A1717CBAA9A0090ECDF /* UIKit.framework */ = {isa = PBXFileReference; lastKnownFileType = wrapper.framework; name = UIKit.framework; path = System/Library/Frameworks/UIKit.framework; sourceTree = SDKROOT; };
		D6F63A1917CBAA9A0090ECDF /* Foundation.framework */ = {isa = PBXFileReference; lastKnownFileType = wrapper.framework; name = Foundation.framework; path = System/Library/Frameworks/Foundation.framework; sourceTree = SDKROOT; };
		D6F63A1B17CBAA9A0090ECDF /* CoreGraphics.framework */ = {isa = PBXFileReference; lastKnownFileType = wrapper.framework; name = CoreGraphics.framework; path = System/Library/Frameworks/CoreGraphics.framework; sourceTree = SDKROOT; };
		D6F63A1F17CBAA9A0090ECDF /* TheLeague-Info.plist */ = {isa = PBXFileReference; lastKnownFileType = text.plist.xml; path = "TheLeague-Info.plist"; sourceTree = "<group>"; };
		D6F63A2117CBAA9A0090ECDF /* en */ = {isa = PBXFileReference; lastKnownFileType = text.plist.strings; name = en; path = en.lproj/InfoPlist.strings; sourceTree = "<group>"; };
		D6F63A2317CBAA9A0090ECDF /* main.m */ = {isa = PBXFileReference; lastKnownFileType = sourcecode.c.objc; path = main.m; sourceTree = "<group>"; };
		D6F63A2517CBAA9A0090ECDF /* TheLeague-Prefix.pch */ = {isa = PBXFileReference; lastKnownFileType = sourcecode.c.h; path = "TheLeague-Prefix.pch"; sourceTree = "<group>"; };
		D6F63A2617CBAA9A0090ECDF /* AppDelegate.h */ = {isa = PBXFileReference; lastKnownFileType = sourcecode.c.h; path = AppDelegate.h; sourceTree = "<group>"; };
		D6F63A2717CBAA9A0090ECDF /* AppDelegate.m */ = {isa = PBXFileReference; lastKnownFileType = sourcecode.c.objc; path = AppDelegate.m; sourceTree = "<group>"; };
		D6F63A2917CBAA9A0090ECDF /* Default.png */ = {isa = PBXFileReference; lastKnownFileType = image.png; path = Default.png; sourceTree = "<group>"; };
		D6F63A2B17CBAA9A0090ECDF /* Default@2x.png */ = {isa = PBXFileReference; lastKnownFileType = image.png; path = "Default@2x.png"; sourceTree = "<group>"; };
		D6F63A2D17CBAA9A0090ECDF /* Default-568h@2x.png */ = {isa = PBXFileReference; lastKnownFileType = image.png; path = "Default-568h@2x.png"; sourceTree = "<group>"; };
		D6F63A3017CBAA9A0090ECDF /* en */ = {isa = PBXFileReference; lastKnownFileType = file.storyboard; name = en; path = en.lproj/MainStoryboard_iPhone.storyboard; sourceTree = "<group>"; };
		D6F63A3317CBAA9A0090ECDF /* en */ = {isa = PBXFileReference; lastKnownFileType = file.storyboard; name = en; path = en.lproj/MainStoryboard_iPad.storyboard; sourceTree = "<group>"; };
		D6F63A3E17CBAB5E0090ECDF /* AFHTTPClient.h */ = {isa = PBXFileReference; fileEncoding = 4; lastKnownFileType = sourcecode.c.h; path = AFHTTPClient.h; sourceTree = "<group>"; };
		D6F63A3F17CBAB5E0090ECDF /* AFHTTPClient.m */ = {isa = PBXFileReference; fileEncoding = 4; lastKnownFileType = sourcecode.c.objc; path = AFHTTPClient.m; sourceTree = "<group>"; };
		D6F63A4017CBAB5E0090ECDF /* AFHTTPRequestOperation.h */ = {isa = PBXFileReference; fileEncoding = 4; lastKnownFileType = sourcecode.c.h; path = AFHTTPRequestOperation.h; sourceTree = "<group>"; };
		D6F63A4117CBAB5E0090ECDF /* AFHTTPRequestOperation.m */ = {isa = PBXFileReference; fileEncoding = 4; lastKnownFileType = sourcecode.c.objc; path = AFHTTPRequestOperation.m; sourceTree = "<group>"; };
		D6F63A4217CBAB5E0090ECDF /* AFImageRequestOperation.h */ = {isa = PBXFileReference; fileEncoding = 4; lastKnownFileType = sourcecode.c.h; path = AFImageRequestOperation.h; sourceTree = "<group>"; };
		D6F63A4317CBAB5E0090ECDF /* AFImageRequestOperation.m */ = {isa = PBXFileReference; fileEncoding = 4; lastKnownFileType = sourcecode.c.objc; path = AFImageRequestOperation.m; sourceTree = "<group>"; };
		D6F63A4417CBAB5E0090ECDF /* AFJSONRequestOperation.h */ = {isa = PBXFileReference; fileEncoding = 4; lastKnownFileType = sourcecode.c.h; path = AFJSONRequestOperation.h; sourceTree = "<group>"; };
		D6F63A4517CBAB5E0090ECDF /* AFJSONRequestOperation.m */ = {isa = PBXFileReference; fileEncoding = 4; lastKnownFileType = sourcecode.c.objc; path = AFJSONRequestOperation.m; sourceTree = "<group>"; };
		D6F63A4617CBAB5E0090ECDF /* AFNetworkActivityIndicatorManager.h */ = {isa = PBXFileReference; fileEncoding = 4; lastKnownFileType = sourcecode.c.h; path = AFNetworkActivityIndicatorManager.h; sourceTree = "<group>"; };
		D6F63A4717CBAB5E0090ECDF /* AFNetworkActivityIndicatorManager.m */ = {isa = PBXFileReference; fileEncoding = 4; lastKnownFileType = sourcecode.c.objc; path = AFNetworkActivityIndicatorManager.m; sourceTree = "<group>"; };
		D6F63A4817CBAB5E0090ECDF /* AFNetworking.h */ = {isa = PBXFileReference; fileEncoding = 4; lastKnownFileType = sourcecode.c.h; path = AFNetworking.h; sourceTree = "<group>"; };
		D6F63A4917CBAB5E0090ECDF /* AFPropertyListRequestOperation.h */ = {isa = PBXFileReference; fileEncoding = 4; lastKnownFileType = sourcecode.c.h; path = AFPropertyListRequestOperation.h; sourceTree = "<group>"; };
		D6F63A4A17CBAB5E0090ECDF /* AFPropertyListRequestOperation.m */ = {isa = PBXFileReference; fileEncoding = 4; lastKnownFileType = sourcecode.c.objc; path = AFPropertyListRequestOperation.m; sourceTree = "<group>"; };
		D6F63A4B17CBAB5E0090ECDF /* AFURLConnectionOperation.h */ = {isa = PBXFileReference; fileEncoding = 4; lastKnownFileType = sourcecode.c.h; path = AFURLConnectionOperation.h; sourceTree = "<group>"; };
		D6F63A4C17CBAB5E0090ECDF /* AFURLConnectionOperation.m */ = {isa = PBXFileReference; fileEncoding = 4; lastKnownFileType = sourcecode.c.objc; path = AFURLConnectionOperation.m; sourceTree = "<group>"; };
		D6F63A4D17CBAB5E0090ECDF /* AFXMLRequestOperation.h */ = {isa = PBXFileReference; fileEncoding = 4; lastKnownFileType = sourcecode.c.h; path = AFXMLRequestOperation.h; sourceTree = "<group>"; };
		D6F63A4E17CBAB5E0090ECDF /* AFXMLRequestOperation.m */ = {isa = PBXFileReference; fileEncoding = 4; lastKnownFileType = sourcecode.c.objc; path = AFXMLRequestOperation.m; sourceTree = "<group>"; };
		D6F63A4F17CBAB5E0090ECDF /* UIImageView+AFNetworking.h */ = {isa = PBXFileReference; fileEncoding = 4; lastKnownFileType = sourcecode.c.h; path = "UIImageView+AFNetworking.h"; sourceTree = "<group>"; };
		D6F63A5017CBAB5E0090ECDF /* UIImageView+AFNetworking.m */ = {isa = PBXFileReference; fileEncoding = 4; lastKnownFileType = sourcecode.c.objc; path = "UIImageView+AFNetworking.m"; sourceTree = "<group>"; };
/* End PBXFileReference section */

/* Begin PBXFrameworksBuildPhase section */
		D6F63A1117CBAA9A0090ECDF /* Frameworks */ = {
			isa = PBXFrameworksBuildPhase;
			buildActionMask = 2147483647;
			files = (
				D651522417CE9AD800378A25 /* QuartzCore.framework in Frameworks */,
				D63B910917CBB3D700576B55 /* FacebookSDK.framework in Frameworks */,
				D6F63A1817CBAA9A0090ECDF /* UIKit.framework in Frameworks */,
				D6F63A1A17CBAA9A0090ECDF /* Foundation.framework in Frameworks */,
				D6F63A1C17CBAA9A0090ECDF /* CoreGraphics.framework in Frameworks */,
			);
			runOnlyForDeploymentPostprocessing = 0;
		};
/* End PBXFrameworksBuildPhase section */

/* Begin PBXGroup section */
		D643625817D7A62200085701 /* Controllers */ = {
			isa = PBXGroup;
			children = (
				D65151F317CD022500378A25 /* BaseUIViewController.h */,
				D65151F417CD022500378A25 /* BaseUIViewController.m */,
				D643625517D7A55500085701 /* ChallengesViewController.h */,
				D643625617D7A55500085701 /* ChallengesViewController.m */,
				D63B910A17CBB3F600576B55 /* LoginViewController.h */,
				D63B910B17CBB3F600576B55 /* LoginViewController.m */,
				D65151F617CD043F00378A25 /* MainViewController.h */,
				D65151F717CD043F00378A25 /* MainViewController.m */,
				D651521A17CE4E8500378A25 /* UserProfileViewController.h */,
				D651521B17CE4E8500378A25 /* UserProfileViewController.m */,
			);
			name = Controllers;
			sourceTree = "<group>";
		};
		D65151E917CCE30A00378A25 /* Base64 */ = {
			isa = PBXGroup;
			children = (
				D65151EA17CCE30A00378A25 /* Base64.h */,
				D65151EB17CCE30A00378A25 /* Base64.m */,
			);
			path = Base64;
			sourceTree = "<group>";
		};
		D65151F917CD3C8A00378A25 /* Images */ = {
			isa = PBXGroup;
			children = (
				D643628A17D7AE1000085701 /* pie_chart.png */,
				D643628B17D7AE1000085701 /* pie_chart@2x.png */,
				D643627E17D7AD2B00085701 /* trophy_icon.png */,
				D643627F17D7AD2B00085701 /* trophy_icon@2x.png */,
				D643627617D7ABBF00085701 /* pingpong-paddle.png */,
				D643627717D7ABBF00085701 /* pingpong-paddle@2x.png */,
				D651521517CE2EDB00378A25 /* red_arrow_down.png */,
				D651521117CE2E9E00378A25 /* green_arrow_up.png */,
				D65151FA17CD3CB200378A25 /* default-avatar@2x.png */,
			);
			name = Images;
			sourceTree = "<group>";
		};
		D65151FC17CD3CBE00378A25 /* Cells */ = {
			isa = PBXGroup;
			children = (
				D651520817CD3F0A00378A25 /* StandingCell.h */,
				D651520917CD3F0A00378A25 /* StandingCell.m */,
				D6633FE317DA1C93007B33AF /* ChallengeCell.h */,
				D6633FE417DA1C93007B33AF /* ChallengeCell.m */,
			);
			name = Cells;
			sourceTree = "<group>";
		};
		D651520117CD3DDF00378A25 /* Models */ = {
			isa = PBXGroup;
			children = (
				D651520217CD3DEC00378A25 /* User.h */,
				D651520317CD3DEC00378A25 /* User.m */,
				D651520517CD3E5D00378A25 /* Standing.h */,
				D651520617CD3E5D00378A25 /* Standing.m */,
				D651521D17CE58A700378A25 /* UserStatistics.h */,
				D651521E17CE58A700378A25 /* UserStatistics.m */,
				D6633FE617DA1CCF007B33AF /* Challenge.h */,
				D6633FE717DA1CCF007B33AF /* Challenge.m */,
				D6633FED17DA1D32007B33AF /* BaseModel.h */,
				D6633FEE17DA1D32007B33AF /* BaseModel.m */,
			);
			name = Models;
			sourceTree = "<group>";
		};
		D6F63A0B17CBAA9A0090ECDF = {
			isa = PBXGroup;
			children = (
				D6F63A1D17CBAA9A0090ECDF /* TheLeague */,
				D6F63A1617CBAA9A0090ECDF /* Frameworks */,
				D6F63A1517CBAA9A0090ECDF /* Products */,
			);
			sourceTree = "<group>";
		};
		D6F63A1517CBAA9A0090ECDF /* Products */ = {
			isa = PBXGroup;
			children = (
				D6F63A1417CBAA9A0090ECDF /* TheLeague.app */,
			);
			name = Products;
			sourceTree = "<group>";
		};
		D6F63A1617CBAA9A0090ECDF /* Frameworks */ = {
			isa = PBXGroup;
			children = (
				D63B910717CBB3B200576B55 /* FacebookSDK */,
				D651522317CE9AD800378A25 /* QuartzCore.framework */,
				D602C19F17CBB20100FAEE9B /* FacebookSDK.framework */,
				D6F63A1717CBAA9A0090ECDF /* UIKit.framework */,
				D6F63A1917CBAA9A0090ECDF /* Foundation.framework */,
				D6F63A1B17CBAA9A0090ECDF /* CoreGraphics.framework */,
			);
			name = Frameworks;
			sourceTree = "<group>";
		};
		D6F63A1D17CBAA9A0090ECDF /* TheLeague */ = {
			isa = PBXGroup;
			children = (
				D643625817D7A62200085701 /* Controllers */,
				D651520117CD3DDF00378A25 /* Models */,
				D65151FC17CD3CBE00378A25 /* Cells */,
				D65151E917CCE30A00378A25 /* Base64 */,
				D65151E817CBFA4000378A25 /* Callback.h */,
				D63B911017CBDA3700576B55 /* MBProgressHUD.h */,
				D63B911117CBDA3700576B55 /* MBProgressHUD.m */,
				D63B910D17CBD7D400576B55 /* APIClient.h */,
				D63B910E17CBD7D400576B55 /* APIClient.m */,
				D6F63A2617CBAA9A0090ECDF /* AppDelegate.h */,
				D6F63A2717CBAA9A0090ECDF /* AppDelegate.m */,
				D63B911317CBED8A00576B55 /* UserManager.h */,
				D63B911417CBED8A00576B55 /* UserManager.m */,
				D6F63A2F17CBAA9A0090ECDF /* MainStoryboard_iPhone.storyboard */,
				D6F63A3217CBAA9A0090ECDF /* MainStoryboard_iPad.storyboard */,
				D6F63A3D17CBAB5E0090ECDF /* AFNetworking */,
				D6F63A1E17CBAA9A0090ECDF /* Supporting Files */,
				D65151ED17CCE6E600378A25 /* Constants.h */,
				D65151EE17CCE6E600378A25 /* Constants.m */,
				D65151F017CCF07600378A25 /* NSString+NSString_Extended.h */,
				D65151F117CCF07700378A25 /* NSString+NSString_Extended.m */,
				D65151F917CD3C8A00378A25 /* Images */,
			);
			path = TheLeague;
			sourceTree = "<group>";
		};
		D6F63A1E17CBAA9A0090ECDF /* Supporting Files */ = {
			isa = PBXGroup;
			children = (
				D6F63A1F17CBAA9A0090ECDF /* TheLeague-Info.plist */,
				D6F63A2017CBAA9A0090ECDF /* InfoPlist.strings */,
				D6F63A2317CBAA9A0090ECDF /* main.m */,
				D6F63A2517CBAA9A0090ECDF /* TheLeague-Prefix.pch */,
				D6F63A2917CBAA9A0090ECDF /* Default.png */,
				D6F63A2B17CBAA9A0090ECDF /* Default@2x.png */,
				D6F63A2D17CBAA9A0090ECDF /* Default-568h@2x.png */,
			);
			name = "Supporting Files";
			sourceTree = "<group>";
		};
		D6F63A3D17CBAB5E0090ECDF /* AFNetworking */ = {
			isa = PBXGroup;
			children = (
				D6F63A3E17CBAB5E0090ECDF /* AFHTTPClient.h */,
				D6F63A3F17CBAB5E0090ECDF /* AFHTTPClient.m */,
				D6F63A4017CBAB5E0090ECDF /* AFHTTPRequestOperation.h */,
				D6F63A4117CBAB5E0090ECDF /* AFHTTPRequestOperation.m */,
				D6F63A4217CBAB5E0090ECDF /* AFImageRequestOperation.h */,
				D6F63A4317CBAB5E0090ECDF /* AFImageRequestOperation.m */,
				D6F63A4417CBAB5E0090ECDF /* AFJSONRequestOperation.h */,
				D6F63A4517CBAB5E0090ECDF /* AFJSONRequestOperation.m */,
				D6F63A4617CBAB5E0090ECDF /* AFNetworkActivityIndicatorManager.h */,
				D6F63A4717CBAB5E0090ECDF /* AFNetworkActivityIndicatorManager.m */,
				D6F63A4817CBAB5E0090ECDF /* AFNetworking.h */,
				D6F63A4917CBAB5E0090ECDF /* AFPropertyListRequestOperation.h */,
				D6F63A4A17CBAB5E0090ECDF /* AFPropertyListRequestOperation.m */,
				D6F63A4B17CBAB5E0090ECDF /* AFURLConnectionOperation.h */,
				D6F63A4C17CBAB5E0090ECDF /* AFURLConnectionOperation.m */,
				D6F63A4D17CBAB5E0090ECDF /* AFXMLRequestOperation.h */,
				D6F63A4E17CBAB5E0090ECDF /* AFXMLRequestOperation.m */,
				D6F63A4F17CBAB5E0090ECDF /* UIImageView+AFNetworking.h */,
				D6F63A5017CBAB5E0090ECDF /* UIImageView+AFNetworking.m */,
			);
			path = AFNetworking;
			sourceTree = "<group>";
		};
/* End PBXGroup section */

/* Begin PBXNativeTarget section */
		D6F63A1317CBAA9A0090ECDF /* TheLeague */ = {
			isa = PBXNativeTarget;
			buildConfigurationList = D6F63A3A17CBAA9A0090ECDF /* Build configuration list for PBXNativeTarget "TheLeague" */;
			buildPhases = (
				D6F63A1017CBAA9A0090ECDF /* Sources */,
				D6F63A1117CBAA9A0090ECDF /* Frameworks */,
				D6F63A1217CBAA9A0090ECDF /* Resources */,
			);
			buildRules = (
			);
			dependencies = (
			);
			name = TheLeague;
			productName = TheLeague;
			productReference = D6F63A1417CBAA9A0090ECDF /* TheLeague.app */;
			productType = "com.apple.product-type.application";
		};
/* End PBXNativeTarget section */

/* Begin PBXProject section */
		D6F63A0C17CBAA9A0090ECDF /* Project object */ = {
			isa = PBXProject;
			attributes = {
				LastUpgradeCheck = 0460;
				ORGANIZATIONNAME = "Will Goss";
			};
			buildConfigurationList = D6F63A0F17CBAA9A0090ECDF /* Build configuration list for PBXProject "TheLeague" */;
			compatibilityVersion = "Xcode 3.2";
			developmentRegion = English;
			hasScannedForEncodings = 0;
			knownRegions = (
				en,
				he,
			);
			mainGroup = D6F63A0B17CBAA9A0090ECDF;
			productRefGroup = D6F63A1517CBAA9A0090ECDF /* Products */;
			projectDirPath = "";
			projectRoot = "";
			targets = (
				D6F63A1317CBAA9A0090ECDF /* TheLeague */,
			);
		};
/* End PBXProject section */

/* Begin PBXResourcesBuildPhase section */
		D6F63A1217CBAA9A0090ECDF /* Resources */ = {
			isa = PBXResourcesBuildPhase;
			buildActionMask = 2147483647;
			files = (
				D6F63A2217CBAA9A0090ECDF /* InfoPlist.strings in Resources */,
				D6F63A2A17CBAA9A0090ECDF /* Default.png in Resources */,
				D6F63A2C17CBAA9A0090ECDF /* Default@2x.png in Resources */,
				D6F63A2E17CBAA9A0090ECDF /* Default-568h@2x.png in Resources */,
				D6F63A3117CBAA9A0090ECDF /* MainStoryboard_iPhone.storyboard in Resources */,
				D6F63A3417CBAA9A0090ECDF /* MainStoryboard_iPad.storyboard in Resources */,
				D65151FB17CD3CB200378A25 /* default-avatar@2x.png in Resources */,
				D651521317CE2E9E00378A25 /* green_arrow_up.png in Resources */,
				D651521617CE2EDB00378A25 /* red_arrow_down.png in Resources */,
				D643627817D7ABBF00085701 /* pingpong-paddle.png in Resources */,
				D643627917D7ABBF00085701 /* pingpong-paddle@2x.png in Resources */,
				D643628017D7AD2B00085701 /* trophy_icon.png in Resources */,
				D643628117D7AD2B00085701 /* trophy_icon@2x.png in Resources */,
				D643628C17D7AE1000085701 /* pie_chart.png in Resources */,
				D643628D17D7AE1000085701 /* pie_chart@2x.png in Resources */,
			);
			runOnlyForDeploymentPostprocessing = 0;
		};
/* End PBXResourcesBuildPhase section */

/* Begin PBXSourcesBuildPhase section */
		D6F63A1017CBAA9A0090ECDF /* Sources */ = {
			isa = PBXSourcesBuildPhase;
			buildActionMask = 2147483647;
			files = (
				D6F63A2417CBAA9A0090ECDF /* main.m in Sources */,
				D6F63A2817CBAA9A0090ECDF /* AppDelegate.m in Sources */,
				D6F63A5117CBAB5E0090ECDF /* AFHTTPClient.m in Sources */,
				D6F63A5217CBAB5E0090ECDF /* AFHTTPRequestOperation.m in Sources */,
				D6F63A5317CBAB5E0090ECDF /* AFImageRequestOperation.m in Sources */,
				D6F63A5417CBAB5E0090ECDF /* AFJSONRequestOperation.m in Sources */,
				D6F63A5517CBAB5E0090ECDF /* AFNetworkActivityIndicatorManager.m in Sources */,
				D6F63A5617CBAB5E0090ECDF /* AFPropertyListRequestOperation.m in Sources */,
				D6F63A5717CBAB5E0090ECDF /* AFURLConnectionOperation.m in Sources */,
				D6F63A5817CBAB5E0090ECDF /* AFXMLRequestOperation.m in Sources */,
				D6F63A5917CBAB5E0090ECDF /* UIImageView+AFNetworking.m in Sources */,
				D63B910C17CBB3F600576B55 /* LoginViewController.m in Sources */,
				D63B910F17CBD7D400576B55 /* APIClient.m in Sources */,
				D63B911217CBDA3700576B55 /* MBProgressHUD.m in Sources */,
				D63B911517CBED8A00576B55 /* UserManager.m in Sources */,
				D65151EC17CCE30A00378A25 /* Base64.m in Sources */,
				D65151EF17CCE6E600378A25 /* Constants.m in Sources */,
				D65151F217CCF07700378A25 /* NSString+NSString_Extended.m in Sources */,
				D65151F517CD022500378A25 /* BaseUIViewController.m in Sources */,
				D65151F817CD043F00378A25 /* MainViewController.m in Sources */,
				D651520417CD3DEC00378A25 /* User.m in Sources */,
				D651520717CD3E5D00378A25 /* Standing.m in Sources */,
				D651520A17CD3F0A00378A25 /* StandingCell.m in Sources */,
				D651521C17CE4E8500378A25 /* UserProfileViewController.m in Sources */,
				D651521F17CE58A700378A25 /* UserStatistics.m in Sources */,
				D643625717D7A55500085701 /* ChallengesViewController.m in Sources */,
				D6633FE517DA1C93007B33AF /* ChallengeCell.m in Sources */,
				D6633FE817DA1CCF007B33AF /* Challenge.m in Sources */,
				D6633FEF17DA1D32007B33AF /* BaseModel.m in Sources */,
			);
			runOnlyForDeploymentPostprocessing = 0;
		};
/* End PBXSourcesBuildPhase section */

/* Begin PBXVariantGroup section */
		D6F63A2017CBAA9A0090ECDF /* InfoPlist.strings */ = {
			isa = PBXVariantGroup;
			children = (
				D6F63A2117CBAA9A0090ECDF /* en */,
			);
			name = InfoPlist.strings;
			sourceTree = "<group>";
		};
		D6F63A2F17CBAA9A0090ECDF /* MainStoryboard_iPhone.storyboard */ = {
			isa = PBXVariantGroup;
			children = (
				D6F63A3017CBAA9A0090ECDF /* en */,
			);
			name = MainStoryboard_iPhone.storyboard;
			sourceTree = "<group>";
		};
		D6F63A3217CBAA9A0090ECDF /* MainStoryboard_iPad.storyboard */ = {
			isa = PBXVariantGroup;
			children = (
				D6F63A3317CBAA9A0090ECDF /* en */,
			);
			name = MainStoryboard_iPad.storyboard;
			sourceTree = "<group>";
		};
/* End PBXVariantGroup section */

/* Begin XCBuildConfiguration section */
		D6F63A3817CBAA9A0090ECDF /* Debug */ = {
			isa = XCBuildConfiguration;
			buildSettings = {
				ALWAYS_SEARCH_USER_PATHS = NO;
				CLANG_CXX_LANGUAGE_STANDARD = "gnu++0x";
				CLANG_CXX_LIBRARY = "libc++";
				CLANG_ENABLE_OBJC_ARC = YES;
				CLANG_WARN_CONSTANT_CONVERSION = YES;
				CLANG_WARN_EMPTY_BODY = YES;
				CLANG_WARN_ENUM_CONVERSION = YES;
				CLANG_WARN_INT_CONVERSION = YES;
				CLANG_WARN__DUPLICATE_METHOD_MATCH = YES;
				"CODE_SIGN_IDENTITY[sdk=iphoneos*]" = "iPhone Developer";
				COPY_PHASE_STRIP = NO;
				GCC_C_LANGUAGE_STANDARD = gnu99;
				GCC_DYNAMIC_NO_PIC = NO;
				GCC_OPTIMIZATION_LEVEL = 0;
				GCC_PREPROCESSOR_DEFINITIONS = (
					"DEBUG=1",
					"$(inherited)",
				);
				GCC_SYMBOLS_PRIVATE_EXTERN = NO;
				GCC_WARN_ABOUT_RETURN_TYPE = YES;
				GCC_WARN_UNINITIALIZED_AUTOS = YES;
				GCC_WARN_UNUSED_VARIABLE = YES;
				IPHONEOS_DEPLOYMENT_TARGET = 6.1;
				ONLY_ACTIVE_ARCH = YES;
				SDKROOT = iphoneos;
				TARGETED_DEVICE_FAMILY = "1,2";
			};
			name = Debug;
		};
		D6F63A3917CBAA9A0090ECDF /* Release */ = {
			isa = XCBuildConfiguration;
			buildSettings = {
				ALWAYS_SEARCH_USER_PATHS = NO;
				CLANG_CXX_LANGUAGE_STANDARD = "gnu++0x";
				CLANG_CXX_LIBRARY = "libc++";
				CLANG_ENABLE_OBJC_ARC = YES;
				CLANG_WARN_CONSTANT_CONVERSION = YES;
				CLANG_WARN_EMPTY_BODY = YES;
				CLANG_WARN_ENUM_CONVERSION = YES;
				CLANG_WARN_INT_CONVERSION = YES;
				CLANG_WARN__DUPLICATE_METHOD_MATCH = YES;
				"CODE_SIGN_IDENTITY[sdk=iphoneos*]" = "iPhone Developer";
				COPY_PHASE_STRIP = YES;
				GCC_C_LANGUAGE_STANDARD = gnu99;
				GCC_WARN_ABOUT_RETURN_TYPE = YES;
				GCC_WARN_UNINITIALIZED_AUTOS = YES;
				GCC_WARN_UNUSED_VARIABLE = YES;
				IPHONEOS_DEPLOYMENT_TARGET = 6.1;
				OTHER_CFLAGS = "-DNS_BLOCK_ASSERTIONS=1";
				SDKROOT = iphoneos;
				TARGETED_DEVICE_FAMILY = "1,2";
				VALIDATE_PRODUCT = YES;
			};
			name = Release;
		};
		D6F63A3B17CBAA9A0090ECDF /* Debug */ = {
			isa = XCBuildConfiguration;
			buildSettings = {
				FRAMEWORK_SEARCH_PATHS = (
					"$(inherited)",
					"\"$(SRCROOT)/../../../Documents/FacebookSDK\"",
				);
				GCC_PRECOMPILE_PREFIX_HEADER = YES;
				GCC_PREFIX_HEADER = "TheLeague/TheLeague-Prefix.pch";
				INFOPLIST_FILE = "TheLeague/TheLeague-Info.plist";
				LIBRARY_SEARCH_PATHS = (
					"$(inherited)",
					"\"$(SRCROOT)/../../../Documents/FacebookSDK/FacebookSDK.framework/Versions/A\"",
				);
				PRODUCT_NAME = "$(TARGET_NAME)";
				WRAPPER_EXTENSION = app;
			};
			name = Debug;
		};
		D6F63A3C17CBAA9A0090ECDF /* Release */ = {
			isa = XCBuildConfiguration;
			buildSettings = {
				FRAMEWORK_SEARCH_PATHS = (
					"$(inherited)",
					"\"$(SRCROOT)/../../../Documents/FacebookSDK\"",
				);
				GCC_PRECOMPILE_PREFIX_HEADER = YES;
				GCC_PREFIX_HEADER = "TheLeague/TheLeague-Prefix.pch";
				INFOPLIST_FILE = "TheLeague/TheLeague-Info.plist";
				LIBRARY_SEARCH_PATHS = (
					"$(inherited)",
					"\"$(SRCROOT)/../../../Documents/FacebookSDK/FacebookSDK.framework/Versions/A\"",
				);
				PRODUCT_NAME = "$(TARGET_NAME)";
				WRAPPER_EXTENSION = app;
			};
			name = Release;
		};
/* End XCBuildConfiguration section */

/* Begin XCConfigurationList section */
		D6F63A0F17CBAA9A0090ECDF /* Build configuration list for PBXProject "TheLeague" */ = {
			isa = XCConfigurationList;
			buildConfigurations = (
				D6F63A3817CBAA9A0090ECDF /* Debug */,
				D6F63A3917CBAA9A0090ECDF /* Release */,
			);
			defaultConfigurationIsVisible = 0;
			defaultConfigurationName = Release;
		};
		D6F63A3A17CBAA9A0090ECDF /* Build configuration list for PBXNativeTarget "TheLeague" */ = {
			isa = XCConfigurationList;
			buildConfigurations = (
				D6F63A3B17CBAA9A0090ECDF /* Debug */,
				D6F63A3C17CBAA9A0090ECDF /* Release */,
			);
			defaultConfigurationIsVisible = 0;
			defaultConfigurationName = Release;
		};
/* End XCConfigurationList section */
	};
	rootObject = D6F63A0C17CBAA9A0090ECDF /* Project object */;
}
